
Microsoft Visual Studio Solution File, Format Version 12.00
# Visual Studio Version 16
VisualStudioVersion = 16.0.29001.49
MinimumVisualStudioVersion = 10.0.40219.1
Project("{2150E333-8FDC-42A3-9474-1A3956D46DE8}") = "src", "src", "{03D33124-F422-443B-A238-3B6B29759C20}"
EndProject
Project("{2150E333-8FDC-42A3-9474-1A3956D46DE8}") = "assets", "assets", "{E5CC3099-1C05-4CE2-8A4D-567F60811787}"
	ProjectSection(SolutionItems) = preProject
		.editorconfig = .editorconfig
		Directory.Build.props = Directory.Build.props
		README.md = README.md
		Repro.sln.DotSettings = Repro.sln.DotSettings
	EndProjectSection
EndProject
Project("{FAE04EC0-301F-11D3-BF4B-00C04F79EFBC}") = "ClassLibrary", "src\ClassLibrary\ClassLibrary.csproj", "{28CA9B63-A0E7-407D-A464-F29D0854B754}"
EndProject
Global
	GlobalSection(SolutionConfigurationPlatforms) = preSolution
		Debug|Any CPU = Debug|Any CPU
		Release|Any CPU = Release|Any CPU
	EndGlobalSection
	GlobalSection(SolutionProperties) = preSolution
		HideSolutionNode = FALSE
	EndGlobalSection
	GlobalSection(ExtensibilityGlobals) = postSolution
		SolutionGuid = {4647E69B-0C62-4E64-8771-DDAFE341AEE2}
	EndGlobalSection
	GlobalSection(NestedProjects) = preSolution
		{28CA9B63-A0E7-407D-A464-F29D0854B754} = {03D33124-F422-443B-A238-3B6B29759C20}
	EndGlobalSection
	GlobalSection(ProjectConfigurationPlatforms) = postSolution
		{28CA9B63-A0E7-407D-A464-F29D0854B754}.Debug|Any CPU.ActiveCfg = Debug|Any CPU
		{28CA9B63-A0E7-407D-A464-F29D0854B754}.Debug|Any CPU.Build.0 = Debug|Any CPU
		{28CA9B63-A0E7-407D-A464-F29D0854B754}.Release|Any CPU.ActiveCfg = Release|Any CPU
		{28CA9B63-A0E7-407D-A464-F29D0854B754}.Release|Any CPU.Build.0 = Release|Any CPU
	EndGlobalSection
EndGlobal
