
Microsoft Visual Studio Solution File, Format Version 12.00
# Visual Studio Version 16
VisualStudioVersion = 16.0.28803.352
MinimumVisualStudioVersion = 10.0.40219.1
Project("{2150E333-8FDC-42A3-9474-1A3956D46DE8}") = "src", "src", "{03D33124-F422-443B-A238-3B6B29759C20}"
EndProject
Project("{FAE04EC0-301F-11D3-BF4B-00C04F79EFBC}") = "ExpressionBody", "src\ExpressionBody\ExpressionBody.csproj", "{8C956AC1-B2E3-48B7-BC55-0FBC99E35D00}"
EndProject
Global
	GlobalSection(SolutionConfigurationPlatforms) = preSolution
		Debug|Any CPU = Debug|Any CPU
		Release|Any CPU = Release|Any CPU
	EndGlobalSection
	GlobalSection(ProjectConfigurationPlatforms) = postSolution
		{8C956AC1-B2E3-48B7-BC55-0FBC99E35D00}.Debug|Any CPU.ActiveCfg = Debug|Any CPU
		{8C956AC1-B2E3-48B7-BC55-0FBC99E35D00}.Debug|Any CPU.Build.0 = Debug|Any CPU
		{8C956AC1-B2E3-48B7-BC55-0FBC99E35D00}.Release|Any CPU.ActiveCfg = Release|Any CPU
		{8C956AC1-B2E3-48B7-BC55-0FBC99E35D00}.Release|Any CPU.Build.0 = Release|Any CPU
	EndGlobalSection
	GlobalSection(SolutionProperties) = preSolution
		HideSolutionNode = FALSE
	EndGlobalSection
	GlobalSection(NestedProjects) = preSolution
		{8C956AC1-B2E3-48B7-BC55-0FBC99E35D00} = {03D33124-F422-443B-A238-3B6B29759C20}
	EndGlobalSection
	GlobalSection(ExtensibilityGlobals) = postSolution
		SolutionGuid = {44DFE0C1-103B-4E78-BE2D-E99819FD5D2C}
	EndGlobalSection
EndGlobal
